
Microsoft Visual Studio Solution File, Format Version 12.00
# Visual Studio Version 17
VisualStudioVersion = 17.10.35013.160
MinimumVisualStudioVersion = 10.0.40219.1
Project("{FAE04EC0-301F-11D3-BF4B-00C04F79EFBC}") = "DbScripter", "DbScripter\DbScripter.csproj", "{4947ECB5-D5DD-4E2E-8AD9-5CFE065DEAFE}"
EndProject
Global
	GlobalSection(SolutionConfigurationPlatforms) = preSolution
		Debug|Any CPU = Debug|Any CPU
		Release|Any CPU = Release|Any CPU
	EndGlobalSection
	GlobalSection(ProjectConfigurationPlatforms) = postSolution
		{4947ECB5-D5DD-4E2E-8AD9-5CFE065DEAFE}.Debug|Any CPU.ActiveCfg = Debug|Any CPU
		{4947ECB5-D5DD-4E2E-8AD9-5CFE065DEAFE}.Debug|Any CPU.Build.0 = Debug|Any CPU
		{4947ECB5-D5DD-4E2E-8AD9-5CFE065DEAFE}.Release|Any CPU.ActiveCfg = Release|Any CPU
		{4947ECB5-D5DD-4E2E-8AD9-5CFE065DEAFE}.Release|Any CPU.Build.0 = Release|Any CPU
	EndGlobalSection
	GlobalSection(SolutionProperties) = preSolution
		HideSolutionNode = FALSE
	EndGlobalSection
	GlobalSection(ExtensibilityGlobals) = postSolution
		SolutionGuid = {8FB80E0C-7B5F-4A12-BBEB-3F5590D217ED}
	EndGlobalSection
EndGlobal
